
Microsoft Visual Studio Solution File, Format Version 12.00
# Visual Studio 14
VisualStudioVersion = 14.0.24720.0
MinimumVisualStudioVersion = 10.0.40219.1
Project("{2150E333-8FDC-42A3-9474-1A3956D46DE8}") = "src", "src", "{FFC573C7-0937-49C2-BBFA-EB690E2FDBC8}"
EndProject
Project("{2150E333-8FDC-42A3-9474-1A3956D46DE8}") = "Solution Items", "Solution Items", "{96AD2170-3ACC-4F6B-9E5D-E4A0FDDCDC58}"
	ProjectSection(SolutionItems) = preProject
		global.json = global.json
	EndProjectSection
EndProject
Project("{8BB2217D-0F2D-49D1-97BC-3654ED321F3B}") = "MyAngular2BaseApp", "src\MyAngular2BaseApp\MyAngular2BaseApp.xproj", "{1B95BC6F-073F-4E97-9924-760D5021DE92}"
EndProject
Global
	GlobalSection(SolutionConfigurationPlatforms) = preSolution
		Debug|Any CPU = Debug|Any CPU
		Release|Any CPU = Release|Any CPU
	EndGlobalSection
	GlobalSection(ProjectConfigurationPlatforms) = postSolution
		{1B95BC6F-073F-4E97-9924-760D5021DE92}.Debug|Any CPU.ActiveCfg = Debug|Any CPU
		{1B95BC6F-073F-4E97-9924-760D5021DE92}.Debug|Any CPU.Build.0 = Debug|Any CPU
		{1B95BC6F-073F-4E97-9924-760D5021DE92}.Release|Any CPU.ActiveCfg = Release|Any CPU
		{1B95BC6F-073F-4E97-9924-760D5021DE92}.Release|Any CPU.Build.0 = Release|Any CPU
	EndGlobalSection
	GlobalSection(SolutionProperties) = preSolution
		HideSolutionNode = FALSE
	EndGlobalSection
	GlobalSection(NestedProjects) = preSolution
		{1B95BC6F-073F-4E97-9924-760D5021DE92} = {FFC573C7-0937-49C2-BBFA-EB690E2FDBC8}
	EndGlobalSection
EndGlobal
